{
  "originHash" : "e2ea2338bdd6013206230f0cb74542bd728ad898ef035121c1872857e488ad22",
  "pins" : [
    {
      "identity" : "truvideo-sdk-ios-image",
      "kind" : "remoteSourceControl",
      "location" : "https://github.com/Truvideo/truvideo-sdk-ios-image.git",
      "state" : {
        "revision" : "0a0494a741fe09f02c4d44f8cd6b63b07d8811be",
        "version" : "76.3.2"
      }
    }
  ],
  "version" : 3
}
